// !$*UTF8*$!
{
	archiveVersion = 1;
	classes = {
	};
	objectVersion = 56;
	objects = {

/* Begin PBXBuildFile section */
		D403145E29C709640017A68F /* BullsEyeSwiftUIApp.swift in Sources */ = {isa = PBXBuildFile; fileRef = D403145D29C709640017A68F /* BullsEyeSwiftUIApp.swift */; };
		D403146029C709640017A68F /* ContentView.swift in Sources */ = {isa = PBXBuildFile; fileRef = D403145F29C709640017A68F /* ContentView.swift */; };
		D403146229C709650017A68F /* Assets.xcassets in Resources */ = {isa = PBXBuildFile; fileRef = D403146129C709650017A68F /* Assets.xcassets */; };
		D403146529C709650017A68F /* Preview Assets.xcassets in Resources */ = {isa = PBXBuildFile; fileRef = D403146429C709650017A68F /* Preview Assets.xcassets */; };
		D403146F29C709660017A68F /* BullsEyeSwiftUITests.swift in Sources */ = {isa = PBXBuildFile; fileRef = D403146E29C709660017A68F /* BullsEyeSwiftUITests.swift */; };
		D403147929C709660017A68F /* BullsEyeSwiftUIUITests.swift in Sources */ = {isa = PBXBuildFile; fileRef = D403147829C709660017A68F /* BullsEyeSwiftUIUITests.swift */; };
		D403147B29C709660017A68F /* BullsEyeSwiftUIUITestsLaunchTests.swift in Sources */ = {isa = PBXBuildFile; fileRef = D403147A29C709660017A68F /* BullsEyeSwiftUIUITestsLaunchTests.swift */; };
		D403148B29C72FD50017A68F /* Game.swift in Sources */ = {isa = PBXBuildFile; fileRef = D403148A29C72FD50017A68F /* Game.swift */; };
/* End PBXBuildFile section */

/* Begin PBXContainerItemProxy section */
		D403146B29C709660017A68F /* PBXContainerItemProxy */ = {
			isa = PBXContainerItemProxy;
			containerPortal = D403145229C709640017A68F /* Project object */;
			proxyType = 1;
			remoteGlobalIDString = D403145929C709640017A68F;
			remoteInfo = BullsEyeSwiftUI;
		};
		D403147529C709660017A68F /* PBXContainerItemProxy */ = {
			isa = PBXContainerItemProxy;
			containerPortal = D403145229C709640017A68F /* Project object */;
			proxyType = 1;
			remoteGlobalIDString = D403145929C709640017A68F;
			remoteInfo = BullsEyeSwiftUI;
		};
/* End PBXContainerItemProxy section */

/* Begin PBXFileReference section */
		D403145A29C709640017A68F /* BullsEyeSwiftUI.app */ = {isa = PBXFileReference; explicitFileType = wrapper.application; includeInIndex = 0; path = BullsEyeSwiftUI.app; sourceTree = BUILT_PRODUCTS_DIR; };
		D403145D29C709640017A68F /* BullsEyeSwiftUIApp.swift */ = {isa = PBXFileReference; lastKnownFileType = sourcecode.swift; path = BullsEyeSwiftUIApp.swift; sourceTree = "<group>"; };
		D403145F29C709640017A68F /* ContentView.swift */ = {isa = PBXFileReference; lastKnownFileType = sourcecode.swift; path = ContentView.swift; sourceTree = "<group>"; };
		D403146129C709650017A68F /* Assets.xcassets */ = {isa = PBXFileReference; lastKnownFileType = folder.assetcatalog; path = Assets.xcassets; sourceTree = "<group>"; };
		D403146429C709650017A68F /* Preview Assets.xcassets */ = {isa = PBXFileReference; lastKnownFileType = folder.assetcatalog; path = "Preview Assets.xcassets"; sourceTree = "<group>"; };
		D403146A29C709660017A68F /* BullsEyeSwiftUITests.xctest */ = {isa = PBXFileReference; explicitFileType = wrapper.cfbundle; includeInIndex = 0; path = BullsEyeSwiftUITests.xctest; sourceTree = BUILT_PRODUCTS_DIR; };
		D403146E29C709660017A68F /* BullsEyeSwiftUITests.swift */ = {isa = PBXFileReference; lastKnownFileType = sourcecode.swift; path = BullsEyeSwiftUITests.swift; sourceTree = "<group>"; };
		D403147429C709660017A68F /* BullsEyeSwiftUIUITests.xctest */ = {isa = PBXFileReference; explicitFileType = wrapper.cfbundle; includeInIndex = 0; path = BullsEyeSwiftUIUITests.xctest; sourceTree = BUILT_PRODUCTS_DIR; };
		D403147829C709660017A68F /* BullsEyeSwiftUIUITests.swift */ = {isa = PBXFileReference; lastKnownFileType = sourcecode.swift; path = BullsEyeSwiftUIUITests.swift; sourceTree = "<group>"; };
		D403147A29C709660017A68F /* BullsEyeSwiftUIUITestsLaunchTests.swift */ = {isa = PBXFileReference; lastKnownFileType = sourcecode.swift; path = BullsEyeSwiftUIUITestsLaunchTests.swift; sourceTree = "<group>"; };
		D403148A29C72FD50017A68F /* Game.swift */ = {isa = PBXFileReference; lastKnownFileType = sourcecode.swift; path = Game.swift; sourceTree = "<group>"; };
/* End PBXFileReference section */

/* Begin PBXFrameworksBuildPhase section */
		D403145729C709640017A68F /* Frameworks */ = {
			isa = PBXFrameworksBuildPhase;
			buildActionMask = 2147483647;
			files = (
			);
			runOnlyForDeploymentPostprocessing = 0;
		};
		D403146729C709660017A68F /* Frameworks */ = {
			isa = PBXFrameworksBuildPhase;
			buildActionMask = 2147483647;
			files = (
			);
			runOnlyForDeploymentPostprocessing = 0;
		};
		D403147129C709660017A68F /* Frameworks */ = {
			isa = PBXFrameworksBuildPhase;
			buildActionMask = 2147483647;
			files = (
			);
			runOnlyForDeploymentPostprocessing = 0;
		};
/* End PBXFrameworksBuildPhase section */

/* Begin PBXGroup section */
		D403145129C709640017A68F = {
			isa = PBXGroup;
			children = (
				D403145C29C709640017A68F /* BullsEyeSwiftUI */,
				D403146D29C709660017A68F /* BullsEyeSwiftUITests */,
				D403147729C709660017A68F /* BullsEyeSwiftUIUITests */,
				D403145B29C709640017A68F /* Products */,
			);
			sourceTree = "<group>";
		};
		D403145B29C709640017A68F /* Products */ = {
			isa = PBXGroup;
			children = (
				D403145A29C709640017A68F /* BullsEyeSwiftUI.app */,
				D403146A29C709660017A68F /* BullsEyeSwiftUITests.xctest */,
				D403147429C709660017A68F /* BullsEyeSwiftUIUITests.xctest */,
			);
			name = Products;
			sourceTree = "<group>";
		};
		D403145C29C709640017A68F /* BullsEyeSwiftUI */ = {
			isa = PBXGroup;
			children = (
				D403148929C72FB20017A68F /* App */,
				D403148829C72FA80017A68F /* View */,
				D403148729C72F9C0017A68F /* Model */,
			);
			path = BullsEyeSwiftUI;
			sourceTree = "<group>";
		};
		D403146329C709650017A68F /* Preview Content */ = {
			isa = PBXGroup;
			children = (
				D403146429C709650017A68F /* Preview Assets.xcassets */,
			);
			path = "Preview Content";
			sourceTree = "<group>";
		};
		D403146D29C709660017A68F /* BullsEyeSwiftUITests */ = {
			isa = PBXGroup;
			children = (
				D403146E29C709660017A68F /* BullsEyeSwiftUITests.swift */,
			);
			path = BullsEyeSwiftUITests;
			sourceTree = "<group>";
		};
		D403147729C709660017A68F /* BullsEyeSwiftUIUITests */ = {
			isa = PBXGroup;
			children = (
				D403147829C709660017A68F /* BullsEyeSwiftUIUITests.swift */,
				D403147A29C709660017A68F /* BullsEyeSwiftUIUITestsLaunchTests.swift */,
			);
			path = BullsEyeSwiftUIUITests;
			sourceTree = "<group>";
		};
		D403148729C72F9C0017A68F /* Model */ = {
			isa = PBXGroup;
			children = (
				D403148A29C72FD50017A68F /* Game.swift */,
			);
			path = Model;
			sourceTree = "<group>";
		};
		D403148829C72FA80017A68F /* View */ = {
			isa = PBXGroup;
			children = (
				D403146129C709650017A68F /* Assets.xcassets */,
				D403146329C709650017A68F /* Preview Content */,
				D403145F29C709640017A68F /* ContentView.swift */,
			);
			path = View;
			sourceTree = "<group>";
		};
		D403148929C72FB20017A68F /* App */ = {
			isa = PBXGroup;
			children = (
				D403145D29C709640017A68F /* BullsEyeSwiftUIApp.swift */,
			);
			path = App;
			sourceTree = "<group>";
		};
/* End PBXGroup section */

/* Begin PBXNativeTarget section */
		D403145929C709640017A68F /* BullsEyeSwiftUI */ = {
			isa = PBXNativeTarget;
			buildConfigurationList = D403147E29C709660017A68F /* Build configuration list for PBXNativeTarget "BullsEyeSwiftUI" */;
			buildPhases = (
				D403145629C709640017A68F /* Sources */,
				D403145729C709640017A68F /* Frameworks */,
				D403145829C709640017A68F /* Resources */,
			);
			buildRules = (
			);
			dependencies = (
			);
			name = BullsEyeSwiftUI;
			productName = BullsEyeSwiftUI;
			productReference = D403145A29C709640017A68F /* BullsEyeSwiftUI.app */;
			productType = "com.apple.product-type.application";
		};
		D403146929C709660017A68F /* BullsEyeSwiftUITests */ = {
			isa = PBXNativeTarget;
			buildConfigurationList = D403148129C709660017A68F /* Build configuration list for PBXNativeTarget "BullsEyeSwiftUITests" */;
			buildPhases = (
				D403146629C709660017A68F /* Sources */,
				D403146729C709660017A68F /* Frameworks */,
				D403146829C709660017A68F /* Resources */,
			);
			buildRules = (
			);
			dependencies = (
				D403146C29C709660017A68F /* PBXTargetDependency */,
			);
			name = BullsEyeSwiftUITests;
			productName = BullsEyeSwiftUITests;
			productReference = D403146A29C709660017A68F /* BullsEyeSwiftUITests.xctest */;
			productType = "com.apple.product-type.bundle.unit-test";
		};
		D403147329C709660017A68F /* BullsEyeSwiftUIUITests */ = {
			isa = PBXNativeTarget;
			buildConfigurationList = D403148429C709660017A68F /* Build configuration list for PBXNativeTarget "BullsEyeSwiftUIUITests" */;
			buildPhases = (
				D403147029C709660017A68F /* Sources */,
				D403147129C709660017A68F /* Frameworks */,
				D403147229C709660017A68F /* Resources */,
			);
			buildRules = (
			);
			dependencies = (
				D403147629C709660017A68F /* PBXTargetDependency */,
			);
			name = BullsEyeSwiftUIUITests;
			productName = BullsEyeSwiftUIUITests;
			productReference = D403147429C709660017A68F /* BullsEyeSwiftUIUITests.xctest */;
			productType = "com.apple.product-type.bundle.ui-testing";
		};
/* End PBXNativeTarget section */

/* Begin PBXProject section */
		D403145229C709640017A68F /* Project object */ = {
			isa = PBXProject;
			attributes = {
				BuildIndependentTargetsInParallel = 1;
				LastSwiftUpdateCheck = 1420;
				LastUpgradeCheck = 1420;
				TargetAttributes = {
					D403145929C709640017A68F = {
						CreatedOnToolsVersion = 14.2;
					};
					D403146929C709660017A68F = {
						CreatedOnToolsVersion = 14.2;
						TestTargetID = D403145929C709640017A68F;
					};
					D403147329C709660017A68F = {
						CreatedOnToolsVersion = 14.2;
						TestTargetID = D403145929C709640017A68F;
					};
				};
			};
			buildConfigurationList = D403145529C709640017A68F /* Build configuration list for PBXProject "BullsEyeSwiftUI" */;
			compatibilityVersion = "Xcode 14.0";
			developmentRegion = en;
			hasScannedForEncodings = 0;
			knownRegions = (
				en,
				Base,
			);
			mainGroup = D403145129C709640017A68F;
			productRefGroup = D403145B29C709640017A68F /* Products */;
			projectDirPath = "";
			projectRoot = "";
			targets = (
				D403145929C709640017A68F /* BullsEyeSwiftUI */,
				D403146929C709660017A68F /* BullsEyeSwiftUITests */,
				D403147329C709660017A68F /* BullsEyeSwiftUIUITests */,
			);
		};
/* End PBXProject section */

/* Begin PBXResourcesBuildPhase section */
		D403145829C709640017A68F /* Resources */ = {
			isa = PBXResourcesBuildPhase;
			buildActionMask = 2147483647;
			files = (
				D403146529C709650017A68F /* Preview Assets.xcassets in Resources */,
				D403146229C709650017A68F /* Assets.xcassets in Resources */,
			);
			runOnlyForDeploymentPostprocessing = 0;
		};
		D403146829C709660017A68F /* Resources */ = {
			isa = PBXResourcesBuildPhase;
			buildActionMask = 2147483647;
			files = (
			);
			runOnlyForDeploymentPostprocessing = 0;
		};
		D403147229C709660017A68F /* Resources */ = {
			isa = PBXResourcesBuildPhase;
			buildActionMask = 2147483647;
			files = (
			);
			runOnlyForDeploymentPostprocessing = 0;
		};
/* End PBXResourcesBuildPhase section */

/* Begin PBXSourcesBuildPhase section */
		D403145629C709640017A68F /* Sources */ = {
			isa = PBXSourcesBuildPhase;
			buildActionMask = 2147483647;
			files = (
				D403146029C709640017A68F /* ContentView.swift in Sources */,
				D403148B29C72FD50017A68F /* Game.swift in Sources */,
				D403145E29C709640017A68F /* BullsEyeSwiftUIApp.swift in Sources */,
			);
			runOnlyForDeploymentPostprocessing = 0;
		};
		D403146629C709660017A68F /* Sources */ = {
			isa = PBXSourcesBuildPhase;
			buildActionMask = 2147483647;
			files = (
				D403146F29C709660017A68F /* BullsEyeSwiftUITests.swift in Sources */,
			);
			runOnlyForDeploymentPostprocessing = 0;
		};
		D403147029C709660017A68F /* Sources */ = {
			isa = PBXSourcesBuildPhase;
			buildActionMask = 2147483647;
			files = (
				D403147929C709660017A68F /* BullsEyeSwiftUIUITests.swift in Sources */,
				D403147B29C709660017A68F /* BullsEyeSwiftUIUITestsLaunchTests.swift in Sources */,
			);
			runOnlyForDeploymentPostprocessing = 0;
		};
/* End PBXSourcesBuildPhase section */

/* Begin PBXTargetDependency section */
		D403146C29C709660017A68F /* PBXTargetDependency */ = {
			isa = PBXTargetDependency;
			target = D403145929C709640017A68F /* BullsEyeSwiftUI */;
			targetProxy = D403146B29C709660017A68F /* PBXContainerItemProxy */;
		};
		D403147629C709660017A68F /* PBXTargetDependency */ = {
			isa = PBXTargetDependency;
			target = D403145929C709640017A68F /* BullsEyeSwiftUI */;
			targetProxy = D403147529C709660017A68F /* PBXContainerItemProxy */;
		};
/* End PBXTargetDependency section */

/* Begin XCBuildConfiguration section */
		D403147C29C709660017A68F /* Debug */ = {
			isa = XCBuildConfiguration;
			buildSettings = {
				ALWAYS_SEARCH_USER_PATHS = NO;
				CLANG_ANALYZER_NONNULL = YES;
				CLANG_ANALYZER_NUMBER_OBJECT_CONVERSION = YES_AGGRESSIVE;
				CLANG_CXX_LANGUAGE_STANDARD = "gnu++20";
				CLANG_ENABLE_MODULES = YES;
				CLANG_ENABLE_OBJC_ARC = YES;
				CLANG_ENABLE_OBJC_WEAK = YES;
				CLANG_WARN_BLOCK_CAPTURE_AUTORELEASING = YES;
				CLANG_WARN_BOOL_CONVERSION = YES;
				CLANG_WARN_COMMA = YES;
				CLANG_WARN_CONSTANT_CONVERSION = YES;
				CLANG_WARN_DEPRECATED_OBJC_IMPLEMENTATIONS = YES;
				CLANG_WARN_DIRECT_OBJC_ISA_USAGE = YES_ERROR;
				CLANG_WARN_DOCUMENTATION_COMMENTS = YES;
				CLANG_WARN_EMPTY_BODY = YES;
				CLANG_WARN_ENUM_CONVERSION = YES;
				CLANG_WARN_INFINITE_RECURSION = YES;
				CLANG_WARN_INT_CONVERSION = YES;
				CLANG_WARN_NON_LITERAL_NULL_CONVERSION = YES;
				CLANG_WARN_OBJC_IMPLICIT_RETAIN_SELF = YES;
				CLANG_WARN_OBJC_LITERAL_CONVERSION = YES;
				CLANG_WARN_OBJC_ROOT_CLASS = YES_ERROR;
				CLANG_WARN_QUOTED_INCLUDE_IN_FRAMEWORK_HEADER = YES;
				CLANG_WARN_RANGE_LOOP_ANALYSIS = YES;
				CLANG_WARN_STRICT_PROTOTYPES = YES;
				CLANG_WARN_SUSPICIOUS_MOVE = YES;
				CLANG_WARN_UNGUARDED_AVAILABILITY = YES_AGGRESSIVE;
				CLANG_WARN_UNREACHABLE_CODE = YES;
				CLANG_WARN__DUPLICATE_METHOD_MATCH = YES;
				COPY_PHASE_STRIP = NO;
				DEBUG_INFORMATION_FORMAT = dwarf;
				ENABLE_STRICT_OBJC_MSGSEND = YES;
				ENABLE_TESTABILITY = YES;
				GCC_C_LANGUAGE_STANDARD = gnu11;
				GCC_DYNAMIC_NO_PIC = NO;
				GCC_NO_COMMON_BLOCKS = YES;
				GCC_OPTIMIZATION_LEVEL = 0;
				GCC_PREPROCESSOR_DEFINITIONS = (
					"DEBUG=1",
					"$(inherited)",
				);
				GCC_WARN_64_TO_32_BIT_CONVERSION = YES;
				GCC_WARN_ABOUT_RETURN_TYPE = YES_ERROR;
				GCC_WARN_UNDECLARED_SELECTOR = YES;
				GCC_WARN_UNINITIALIZED_AUTOS = YES_AGGRESSIVE;
				GCC_WARN_UNUSED_FUNCTION = YES;
				GCC_WARN_UNUSED_VARIABLE = YES;
				IPHONEOS_DEPLOYMENT_TARGET = 16.2;
				MTL_ENABLE_DEBUG_INFO = INCLUDE_SOURCE;
				MTL_FAST_MATH = YES;
				ONLY_ACTIVE_ARCH = YES;
				SDKROOT = iphoneos;
				SWIFT_ACTIVE_COMPILATION_CONDITIONS = DEBUG;
				SWIFT_OPTIMIZATION_LEVEL = "-Onone";
			};
			name = Debug;
		};
		D403147D29C709660017A68F /* Release */ = {
			isa = XCBuildConfiguration;
			buildSettings = {
				ALWAYS_SEARCH_USER_PATHS = NO;
				CLANG_ANALYZER_NONNULL = YES;
				CLANG_ANALYZER_NUMBER_OBJECT_CONVERSION = YES_AGGRESSIVE;
				CLANG_CXX_LANGUAGE_STANDARD = "gnu++20";
				CLANG_ENABLE_MODULES = YES;
				CLANG_ENABLE_OBJC_ARC = YES;
				CLANG_ENABLE_OBJC_WEAK = YES;
				CLANG_WARN_BLOCK_CAPTURE_AUTORELEASING = YES;
				CLANG_WARN_BOOL_CONVERSION = YES;
				CLANG_WARN_COMMA = YES;
				CLANG_WARN_CONSTANT_CONVERSION = YES;
				CLANG_WARN_DEPRECATED_OBJC_IMPLEMENTATIONS = YES;
				CLANG_WARN_DIRECT_OBJC_ISA_USAGE = YES_ERROR;
				CLANG_WARN_DOCUMENTATION_COMMENTS = YES;
				CLANG_WARN_EMPTY_BODY = YES;
				CLANG_WARN_ENUM_CONVERSION = YES;
				CLANG_WARN_INFINITE_RECURSION = YES;
				CLANG_WARN_INT_CONVERSION = YES;
				CLANG_WARN_NON_LITERAL_NULL_CONVERSION = YES;
				CLANG_WARN_OBJC_IMPLICIT_RETAIN_SELF = YES;
				CLANG_WARN_OBJC_LITERAL_CONVERSION = YES;
				CLANG_WARN_OBJC_ROOT_CLASS = YES_ERROR;
				CLANG_WARN_QUOTED_INCLUDE_IN_FRAMEWORK_HEADER = YES;
				CLANG_WARN_RANGE_LOOP_ANALYSIS = YES;
				CLANG_WARN_STRICT_PROTOTYPES = YES;
				CLANG_WARN_SUSPICIOUS_MOVE = YES;
				CLANG_WARN_UNGUARDED_AVAILABILITY = YES_AGGRESSIVE;
				CLANG_WARN_UNREACHABLE_CODE = YES;
				CLANG_WARN__DUPLICATE_METHOD_MATCH = YES;
				COPY_PHASE_STRIP = NO;
				DEBUG_INFORMATION_FORMAT = "dwarf-with-dsym";
				ENABLE_NS_ASSERTIONS = NO;
				ENABLE_STRICT_OBJC_MSGSEND = YES;
				GCC_C_LANGUAGE_STANDARD = gnu11;
				GCC_NO_COMMON_BLOCKS = YES;
				GCC_WARN_64_TO_32_BIT_CONVERSION = YES;
				GCC_WARN_ABOUT_RETURN_TYPE = YES_ERROR;
				GCC_WARN_UNDECLARED_SELECTOR = YES;
				GCC_WARN_UNINITIALIZED_AUTOS = YES_AGGRESSIVE;
				GCC_WARN_UNUSED_FUNCTION = YES;
				GCC_WARN_UNUSED_VARIABLE = YES;
				IPHONEOS_DEPLOYMENT_TARGET = 16.2;
				MTL_ENABLE_DEBUG_INFO = NO;
				MTL_FAST_MATH = YES;
				SDKROOT = iphoneos;
				SWIFT_COMPILATION_MODE = wholemodule;
				SWIFT_OPTIMIZATION_LEVEL = "-O";
				VALIDATE_PRODUCT = YES;
			};
			name = Release;
		};
		D403147F29C709660017A68F /* Debug */ = {
			isa = XCBuildConfiguration;
			buildSettings = {
				ASSETCATALOG_COMPILER_APPICON_NAME = AppIcon;
				ASSETCATALOG_COMPILER_GLOBAL_ACCENT_COLOR_NAME = AccentColor;
				CODE_SIGN_STYLE = Automatic;
				CURRENT_PROJECT_VERSION = 1;
				DEVELOPMENT_ASSET_PATHS = "\"BullsEyeSwiftUI/View/Preview Content\"";
				ENABLE_PREVIEWS = YES;
				GENERATE_INFOPLIST_FILE = YES;
				INFOPLIST_KEY_UIApplicationSceneManifest_Generation = YES;
				INFOPLIST_KEY_UIApplicationSupportsIndirectInputEvents = YES;
				INFOPLIST_KEY_UILaunchScreen_Generation = YES;
				INFOPLIST_KEY_UISupportedInterfaceOrientations_iPad = "UIInterfaceOrientationPortrait UIInterfaceOrientationPortraitUpsideDown UIInterfaceOrientationLandscapeLeft UIInterfaceOrientationLandscapeRight";
				INFOPLIST_KEY_UISupportedInterfaceOrientations_iPhone = "UIInterfaceOrientationPortrait UIInterfaceOrientationLandscapeLeft UIInterfaceOrientationLandscapeRight";
				LD_RUNPATH_SEARCH_PATHS = (
					"$(inherited)",
					"@executable_path/Frameworks",
				);
				MARKETING_VERSION = 1.0;
				PRODUCT_BUNDLE_IDENTIFIER = com.example.BullsEyeSwiftUI;
				PRODUCT_NAME = "$(TARGET_NAME)";
				SWIFT_EMIT_LOC_STRINGS = YES;
				SWIFT_VERSION = 5.0;
				TARGETED_DEVICE_FAMILY = "1,2";
			};
			name = Debug;
		};
		D403148029C709660017A68F /* Release */ = {
			isa = XCBuildConfiguration;
			buildSettings = {
				ASSETCATALOG_COMPILER_APPICON_NAME = AppIcon;
				ASSETCATALOG_COMPILER_GLOBAL_ACCENT_COLOR_NAME = AccentColor;
				CODE_SIGN_STYLE = Automatic;
				CURRENT_PROJECT_VERSION = 1;
				DEVELOPMENT_ASSET_PATHS = "\"BullsEyeSwiftUI/View/Preview Content\"";
				ENABLE_PREVIEWS = YES;
				GENERATE_INFOPLIST_FILE = YES;
				INFOPLIST_KEY_UIApplicationSceneManifest_Generation = YES;
				INFOPLIST_KEY_UIApplicationSupportsIndirectInputEvents = YES;
				INFOPLIST_KEY_UILaunchScreen_Generation = YES;
				INFOPLIST_KEY_UISupportedInterfaceOrientations_iPad = "UIInterfaceOrientationPortrait UIInterfaceOrientationPortraitUpsideDown UIInterfaceOrientationLandscapeLeft UIInterfaceOrientationLandscapeRight";
				INFOPLIST_KEY_UISupportedInterfaceOrientations_iPhone = "UIInterfaceOrientationPortrait UIInterfaceOrientationLandscapeLeft UIInterfaceOrientationLandscapeRight";
				LD_RUNPATH_SEARCH_PATHS = (
					"$(inherited)",
					"@executable_path/Frameworks",
				);
				MARKETING_VERSION = 1.0;
				PRODUCT_BUNDLE_IDENTIFIER = com.example.BullsEyeSwiftUI;
				PRODUCT_NAME = "$(TARGET_NAME)";
				SWIFT_EMIT_LOC_STRINGS = YES;
				SWIFT_VERSION = 5.0;
				TARGETED_DEVICE_FAMILY = "1,2";
			};
			name = Release;
		};
		D403148229C709660017A68F /* Debug */ = {
			isa = XCBuildConfiguration;
			buildSettings = {
				ALWAYS_EMBED_SWIFT_STANDARD_LIBRARIES = YES;
				BUNDLE_LOADER = "$(TEST_HOST)";
				CODE_SIGN_STYLE = Automatic;
				CURRENT_PROJECT_VERSION = 1;
				GENERATE_INFOPLIST_FILE = YES;
				IPHONEOS_DEPLOYMENT_TARGET = 16.2;
				MARKETING_VERSION = 1.0;
				PRODUCT_BUNDLE_IDENTIFIER = com.example.BullsEyeSwiftUITests;
				PRODUCT_NAME = "$(TARGET_NAME)";
				SWIFT_EMIT_LOC_STRINGS = NO;
				SWIFT_VERSION = 5.0;
				TARGETED_DEVICE_FAMILY = "1,2";
				TEST_HOST = "$(BUILT_PRODUCTS_DIR)/BullsEyeSwiftUI.app/$(BUNDLE_EXECUTABLE_FOLDER_PATH)/BullsEyeSwiftUI";
			};
			name = Debug;
		};
		D403148329C709660017A68F /* Release */ = {
			isa = XCBuildConfiguration;
			buildSettings = {
				ALWAYS_EMBED_SWIFT_STANDARD_LIBRARIES = YES;
				BUNDLE_LOADER = "$(TEST_HOST)";
				CODE_SIGN_STYLE = Automatic;
				CURRENT_PROJECT_VERSION = 1;
				GENERATE_INFOPLIST_FILE = YES;
				IPHONEOS_DEPLOYMENT_TARGET = 16.2;
				MARKETING_VERSION = 1.0;
				PRODUCT_BUNDLE_IDENTIFIER = com.example.BullsEyeSwiftUITests;
				PRODUCT_NAME = "$(TARGET_NAME)";
				SWIFT_EMIT_LOC_STRINGS = NO;
				SWIFT_VERSION = 5.0;
				TARGETED_DEVICE_FAMILY = "1,2";
				TEST_HOST = "$(BUILT_PRODUCTS_DIR)/BullsEyeSwiftUI.app/$(BUNDLE_EXECUTABLE_FOLDER_PATH)/BullsEyeSwiftUI";
			};
			name = Release;
		};
		D403148529C709660017A68F /* Debug */ = {
			isa = XCBuildConfiguration;
			buildSettings = {
				ALWAYS_EMBED_SWIFT_STANDARD_LIBRARIES = YES;
				CODE_SIGN_STYLE = Automatic;
				CURRENT_PROJECT_VERSION = 1;
				GENERATE_INFOPLIST_FILE = YES;
				MARKETING_VERSION = 1.0;
				PRODUCT_BUNDLE_IDENTIFIER = com.example.BullsEyeSwiftUIUITests;
				PRODUCT_NAME = "$(TARGET_NAME)";
				SWIFT_EMIT_LOC_STRINGS = NO;
				SWIFT_VERSION = 5.0;
				TARGETED_DEVICE_FAMILY = "1,2";
				TEST_TARGET_NAME = BullsEyeSwiftUI;
			};
			name = Debug;
		};
		D403148629C709660017A68F /* Release */ = {
			isa = XCBuildConfiguration;
			buildSettings = {
				ALWAYS_EMBED_SWIFT_STANDARD_LIBRARIES = YES;
				CODE_SIGN_STYLE = Automatic;
				CURRENT_PROJECT_VERSION = 1;
				GENERATE_INFOPLIST_FILE = YES;
				MARKETING_VERSION = 1.0;
				PRODUCT_BUNDLE_IDENTIFIER = com.example.BullsEyeSwiftUIUITests;
				PRODUCT_NAME = "$(TARGET_NAME)";
				SWIFT_EMIT_LOC_STRINGS = NO;
				SWIFT_VERSION = 5.0;
				TARGETED_DEVICE_FAMILY = "1,2";
				TEST_TARGET_NAME = BullsEyeSwiftUI;
			};
			name = Release;
		};
/* End XCBuildConfiguration section */

/* Begin XCConfigurationList section */
		D403145529C709640017A68F /* Build configuration list for PBXProject "BullsEyeSwiftUI" */ = {
			isa = XCConfigurationList;
			buildConfigurations = (
				D403147C29C709660017A68F /* Debug */,
				D403147D29C709660017A68F /* Release */,
			);
			defaultConfigurationIsVisible = 0;
			defaultConfigurationName = Release;
		};
		D403147E29C709660017A68F /* Build configuration list for PBXNativeTarget "BullsEyeSwiftUI" */ = {
			isa = XCConfigurationList;
			buildConfigurations = (
				D403147F29C709660017A68F /* Debug */,
				D403148029C709660017A68F /* Release */,
			);
			defaultConfigurationIsVisible = 0;
			defaultConfigurationName = Release;
		};
		D403148129C709660017A68F /* Build configuration list for PBXNativeTarget "BullsEyeSwiftUITests" */ = {
			isa = XCConfigurationList;
			buildConfigurations = (
				D403148229C709660017A68F /* Debug */,
				D403148329C709660017A68F /* Release */,
			);
			defaultConfigurationIsVisible = 0;
			defaultConfigurationName = Release;
		};
		D403148429C709660017A68F /* Build configuration list for PBXNativeTarget "BullsEyeSwiftUIUITests" */ = {
			isa = XCConfigurationList;
			buildConfigurations = (
				D403148529C709660017A68F /* Debug */,
				D403148629C709660017A68F /* Release */,
			);
			defaultConfigurationIsVisible = 0;
			defaultConfigurationName = Release;
		};
/* End XCConfigurationList section */
	};
	rootObject = D403145229C709640017A68F /* Project object */;
}
